
Microsoft Visual Studio Solution File, Format Version 12.00
Project("{2150E333-8FDC-42A3-9474-1A3956D46DE8}") = "Services", "Services", "{BE100FDC-1768-4215-BF5F-7D18D8A9C808}"
EndProject
Project("{2150E333-8FDC-42A3-9474-1A3956D46DE8}") = "Catalog", "Catalog", "{3ACA2B36-B536-4A2C-8821-4D1A01F700FE}"
EndProject
Project("{FAE04EC0-301F-11D3-BF4B-00C04F79EFBC}") = "Catalog.API", "Services\Catalog\Catalog.API\Catalog.API.csproj", "{3E11509A-D085-4E20-8D8E-A6CD51CDC2DD}"
EndProject
Project("{FAE04EC0-301F-11D3-BF4B-00C04F79EFBC}") = "Catalog.Core", "Services\Catalog\Catalog.Core\Catalog.Core.csproj", "{784D8585-942B-47FD-B784-51177894A4E6}"
EndProject
Project("{FAE04EC0-301F-11D3-BF4B-00C04F79EFBC}") = "Catalog.Application", "Services\Catalog\Catalog.Application\Catalog.Application.csproj", "{8B989E19-29D9-4474-9D54-28515B030713}"
EndProject
Project("{FAE04EC0-301F-11D3-BF4B-00C04F79EFBC}") = "Catalog.Infrastructure", "Services\Catalog\Catalog.Infrastructure\Catalog.Infrastructure.csproj", "{47D2247F-3E76-4E76-950B-5687F81B3F5B}"
EndProject
Project("{E53339B2-1760-4266-BCC7-CA923CBCF16C}") = "docker-compose", "docker-compose.dcproj", "{A92412CF-0A07-452C-9DCF-EF3F436F8FA8}"
EndProject
Project("{2150E333-8FDC-42A3-9474-1A3956D46DE8}") = "Basket", "Basket", "{D0303CC3-77BD-42C0-95A6-CADDB1F22EF6}"
EndProject
Project("{FAE04EC0-301F-11D3-BF4B-00C04F79EFBC}") = "Basket.Application", "Services\Basket\Basket.Application\Basket.Application.csproj", "{C95F5936-1BF0-4B8D-8140-DD34168ED0DD}"
EndProject
Project("{FAE04EC0-301F-11D3-BF4B-00C04F79EFBC}") = "Basket.Core", "Services\Basket\Basket.Core\Basket.Core.csproj", "{E7CD8CD4-4BDF-4D4D-BD7B-4C197D6F43DC}"
EndProject
Project("{FAE04EC0-301F-11D3-BF4B-00C04F79EFBC}") = "Basket.Infrastructure", "Services\Basket\Basket.Infrastructure\Basket.Infrastructure.csproj", "{44AF8722-3322-4E08-A741-F2607C288A2A}"
EndProject
Project("{FAE04EC0-301F-11D3-BF4B-00C04F79EFBC}") = "Basket.API", "Services\Basket\Basket.API\Basket.API.csproj", "{B8524087-E5CE-497D-B5E1-F7DA56403E69}"
EndProject
Global
	GlobalSection(SolutionConfigurationPlatforms) = preSolution
		Debug|Any CPU = Debug|Any CPU
		Release|Any CPU = Release|Any CPU
	EndGlobalSection
	GlobalSection(NestedProjects) = preSolution
		{3ACA2B36-B536-4A2C-8821-4D1A01F700FE} = {BE100FDC-1768-4215-BF5F-7D18D8A9C808}
		{3E11509A-D085-4E20-8D8E-A6CD51CDC2DD} = {3ACA2B36-B536-4A2C-8821-4D1A01F700FE}
		{784D8585-942B-47FD-B784-51177894A4E6} = {3ACA2B36-B536-4A2C-8821-4D1A01F700FE}
		{8B989E19-29D9-4474-9D54-28515B030713} = {3ACA2B36-B536-4A2C-8821-4D1A01F700FE}
		{47D2247F-3E76-4E76-950B-5687F81B3F5B} = {3ACA2B36-B536-4A2C-8821-4D1A01F700FE}
		{D0303CC3-77BD-42C0-95A6-CADDB1F22EF6} = {BE100FDC-1768-4215-BF5F-7D18D8A9C808}
		{C95F5936-1BF0-4B8D-8140-DD34168ED0DD} = {D0303CC3-77BD-42C0-95A6-CADDB1F22EF6}
		{E7CD8CD4-4BDF-4D4D-BD7B-4C197D6F43DC} = {D0303CC3-77BD-42C0-95A6-CADDB1F22EF6}
		{44AF8722-3322-4E08-A741-F2607C288A2A} = {D0303CC3-77BD-42C0-95A6-CADDB1F22EF6}
		{B8524087-E5CE-497D-B5E1-F7DA56403E69} = {D0303CC3-77BD-42C0-95A6-CADDB1F22EF6}
	EndGlobalSection
	GlobalSection(ProjectConfigurationPlatforms) = postSolution
		{3E11509A-D085-4E20-8D8E-A6CD51CDC2DD}.Debug|Any CPU.ActiveCfg = Debug|Any CPU
		{3E11509A-D085-4E20-8D8E-A6CD51CDC2DD}.Debug|Any CPU.Build.0 = Debug|Any CPU
		{3E11509A-D085-4E20-8D8E-A6CD51CDC2DD}.Release|Any CPU.ActiveCfg = Release|Any CPU
		{3E11509A-D085-4E20-8D8E-A6CD51CDC2DD}.Release|Any CPU.Build.0 = Release|Any CPU
		{784D8585-942B-47FD-B784-51177894A4E6}.Debug|Any CPU.ActiveCfg = Debug|Any CPU
		{784D8585-942B-47FD-B784-51177894A4E6}.Debug|Any CPU.Build.0 = Debug|Any CPU
		{784D8585-942B-47FD-B784-51177894A4E6}.Release|Any CPU.ActiveCfg = Release|Any CPU
		{784D8585-942B-47FD-B784-51177894A4E6}.Release|Any CPU.Build.0 = Release|Any CPU
		{8B989E19-29D9-4474-9D54-28515B030713}.Debug|Any CPU.ActiveCfg = Debug|Any CPU
		{8B989E19-29D9-4474-9D54-28515B030713}.Debug|Any CPU.Build.0 = Debug|Any CPU
		{8B989E19-29D9-4474-9D54-28515B030713}.Release|Any CPU.ActiveCfg = Release|Any CPU
		{8B989E19-29D9-4474-9D54-28515B030713}.Release|Any CPU.Build.0 = Release|Any CPU
		{47D2247F-3E76-4E76-950B-5687F81B3F5B}.Debug|Any CPU.ActiveCfg = Debug|Any CPU
		{47D2247F-3E76-4E76-950B-5687F81B3F5B}.Debug|Any CPU.Build.0 = Debug|Any CPU
		{47D2247F-3E76-4E76-950B-5687F81B3F5B}.Release|Any CPU.ActiveCfg = Release|Any CPU
		{47D2247F-3E76-4E76-950B-5687F81B3F5B}.Release|Any CPU.Build.0 = Release|Any CPU
		{C95F5936-1BF0-4B8D-8140-DD34168ED0DD}.Debug|Any CPU.ActiveCfg = Debug|Any CPU
		{C95F5936-1BF0-4B8D-8140-DD34168ED0DD}.Debug|Any CPU.Build.0 = Debug|Any CPU
		{C95F5936-1BF0-4B8D-8140-DD34168ED0DD}.Release|Any CPU.ActiveCfg = Release|Any CPU
		{C95F5936-1BF0-4B8D-8140-DD34168ED0DD}.Release|Any CPU.Build.0 = Release|Any CPU
		{E7CD8CD4-4BDF-4D4D-BD7B-4C197D6F43DC}.Debug|Any CPU.ActiveCfg = Debug|Any CPU
		{E7CD8CD4-4BDF-4D4D-BD7B-4C197D6F43DC}.Debug|Any CPU.Build.0 = Debug|Any CPU
		{E7CD8CD4-4BDF-4D4D-BD7B-4C197D6F43DC}.Release|Any CPU.ActiveCfg = Release|Any CPU
		{E7CD8CD4-4BDF-4D4D-BD7B-4C197D6F43DC}.Release|Any CPU.Build.0 = Release|Any CPU
		{44AF8722-3322-4E08-A741-F2607C288A2A}.Debug|Any CPU.ActiveCfg = Debug|Any CPU
		{44AF8722-3322-4E08-A741-F2607C288A2A}.Debug|Any CPU.Build.0 = Debug|Any CPU
		{44AF8722-3322-4E08-A741-F2607C288A2A}.Release|Any CPU.ActiveCfg = Release|Any CPU
		{44AF8722-3322-4E08-A741-F2607C288A2A}.Release|Any CPU.Build.0 = Release|Any CPU
		{B8524087-E5CE-497D-B5E1-F7DA56403E69}.Debug|Any CPU.ActiveCfg = Debug|Any CPU
		{B8524087-E5CE-497D-B5E1-F7DA56403E69}.Debug|Any CPU.Build.0 = Debug|Any CPU
		{B8524087-E5CE-497D-B5E1-F7DA56403E69}.Release|Any CPU.ActiveCfg = Release|Any CPU
		{B8524087-E5CE-497D-B5E1-F7DA56403E69}.Release|Any CPU.Build.0 = Release|Any CPU
	EndGlobalSection
EndGlobal
